
Microsoft Visual Studio Solution File, Format Version 12.00
# Visual Studio 15
VisualStudioVersion = 15.0.28307.136
MinimumVisualStudioVersion = 10.0.40219.1
Project("{FAE04EC0-301F-11D3-BF4B-00C04F79EFBC}") = "CodeFirst_BillingProject", "CodeFirst_BillingProject\CodeFirst_BillingProject.csproj", "{21127A09-2A73-4FA7-A5B3-E080D0E0C164}"
EndProject
Global
	GlobalSection(SolutionConfigurationPlatforms) = preSolution
		Debug|Any CPU = Debug|Any CPU
		Release|Any CPU = Release|Any CPU
	EndGlobalSection
	GlobalSection(ProjectConfigurationPlatforms) = postSolution
		{21127A09-2A73-4FA7-A5B3-E080D0E0C164}.Debug|Any CPU.ActiveCfg = Debug|Any CPU
		{21127A09-2A73-4FA7-A5B3-E080D0E0C164}.Debug|Any CPU.Build.0 = Debug|Any CPU
		{21127A09-2A73-4FA7-A5B3-E080D0E0C164}.Release|Any CPU.ActiveCfg = Release|Any CPU
		{21127A09-2A73-4FA7-A5B3-E080D0E0C164}.Release|Any CPU.Build.0 = Release|Any CPU
	EndGlobalSection
	GlobalSection(SolutionProperties) = preSolution
		HideSolutionNode = FALSE
	EndGlobalSection
	GlobalSection(ExtensibilityGlobals) = postSolution
		SolutionGuid = {97E26A07-E453-4E21-9A24-AA04421B9F2B}
	EndGlobalSection
EndGlobal
